
Microsoft Visual Studio Solution File, Format Version 12.00
# Visual Studio 15
VisualStudioVersion = 15.0.28307.1831
MinimumVisualStudioVersion = 10.0.40219.1
Project("{CC5FD16D-436D-48AD-A40C-5A424C6E3E79}") = "Priprema", "Priprema\Priprema.ccproj", "{4DC9AA9B-780A-405D-90D4-4866FE46C796}"
EndProject
Project("{FAE04EC0-301F-11D3-BF4B-00C04F79EFBC}") = "JobWorker1", "JobWorker1\JobWorker1.csproj", "{BA5F5372-5316-4590-BC7E-ACF0CC18293F}"
EndProject
Project("{FAE04EC0-301F-11D3-BF4B-00C04F79EFBC}") = "Contracts", "Contracts\Contracts.csproj", "{536DB257-A3F6-4646-8A6D-C0DAA18DDA43}"
EndProject
Project("{FAE04EC0-301F-11D3-BF4B-00C04F79EFBC}") = "JobWorker2", "JobWorker2\JobWorker2.csproj", "{C18B4CAD-CE59-47E7-831A-1B28BC82BF90}"
EndProject
Project("{FAE04EC0-301F-11D3-BF4B-00C04F79EFBC}") = "Client", "Client\Client.csproj", "{06E3A948-4070-40E4-9C82-10CDB47B15E3}"
EndProject
Global
	GlobalSection(SolutionConfigurationPlatforms) = preSolution
		Debug|Any CPU = Debug|Any CPU
		Release|Any CPU = Release|Any CPU
	EndGlobalSection
	GlobalSection(ProjectConfigurationPlatforms) = postSolution
		{4DC9AA9B-780A-405D-90D4-4866FE46C796}.Debug|Any CPU.ActiveCfg = Debug|Any CPU
		{4DC9AA9B-780A-405D-90D4-4866FE46C796}.Debug|Any CPU.Build.0 = Debug|Any CPU
		{4DC9AA9B-780A-405D-90D4-4866FE46C796}.Release|Any CPU.ActiveCfg = Release|Any CPU
		{4DC9AA9B-780A-405D-90D4-4866FE46C796}.Release|Any CPU.Build.0 = Release|Any CPU
		{BA5F5372-5316-4590-BC7E-ACF0CC18293F}.Debug|Any CPU.ActiveCfg = Debug|Any CPU
		{BA5F5372-5316-4590-BC7E-ACF0CC18293F}.Debug|Any CPU.Build.0 = Debug|Any CPU
		{BA5F5372-5316-4590-BC7E-ACF0CC18293F}.Release|Any CPU.ActiveCfg = Release|Any CPU
		{BA5F5372-5316-4590-BC7E-ACF0CC18293F}.Release|Any CPU.Build.0 = Release|Any CPU
		{536DB257-A3F6-4646-8A6D-C0DAA18DDA43}.Debug|Any CPU.ActiveCfg = Debug|Any CPU
		{536DB257-A3F6-4646-8A6D-C0DAA18DDA43}.Debug|Any CPU.Build.0 = Debug|Any CPU
		{536DB257-A3F6-4646-8A6D-C0DAA18DDA43}.Release|Any CPU.ActiveCfg = Release|Any CPU
		{536DB257-A3F6-4646-8A6D-C0DAA18DDA43}.Release|Any CPU.Build.0 = Release|Any CPU
		{C18B4CAD-CE59-47E7-831A-1B28BC82BF90}.Debug|Any CPU.ActiveCfg = Debug|Any CPU
		{C18B4CAD-CE59-47E7-831A-1B28BC82BF90}.Debug|Any CPU.Build.0 = Debug|Any CPU
		{C18B4CAD-CE59-47E7-831A-1B28BC82BF90}.Release|Any CPU.ActiveCfg = Release|Any CPU
		{C18B4CAD-CE59-47E7-831A-1B28BC82BF90}.Release|Any CPU.Build.0 = Release|Any CPU
		{06E3A948-4070-40E4-9C82-10CDB47B15E3}.Debug|Any CPU.ActiveCfg = Debug|Any CPU
		{06E3A948-4070-40E4-9C82-10CDB47B15E3}.Debug|Any CPU.Build.0 = Debug|Any CPU
		{06E3A948-4070-40E4-9C82-10CDB47B15E3}.Release|Any CPU.ActiveCfg = Release|Any CPU
		{06E3A948-4070-40E4-9C82-10CDB47B15E3}.Release|Any CPU.Build.0 = Release|Any CPU
	EndGlobalSection
	GlobalSection(SolutionProperties) = preSolution
		HideSolutionNode = FALSE
	EndGlobalSection
	GlobalSection(ExtensibilityGlobals) = postSolution
		SolutionGuid = {74C28C78-136E-4EFB-8B2E-7C34C3803280}
	EndGlobalSection
EndGlobal
